
Microsoft Visual Studio Solution File, Format Version 12.00
# Visual Studio Version 17
VisualStudioVersion = 17.7.34202.233
MinimumVisualStudioVersion = 10.0.40219.1
Project("{9A19103F-16F7-4668-BE54-9A1E7A4F7556}") = "MyWebAPI", "MyWebAPI\MyWebAPI.csproj", "{CAC48FE6-D0D2-42CC-92FA-CDBCF23F66CC}"
EndProject
Project("{FAE04EC0-301F-11D3-BF4B-00C04F79EFBC}") = "DataAccessLayer", "DataAccessLayer\DataAccessLayer.csproj", "{B47E9012-1F4A-47E2-A98F-FF4B4A5C7859}"
EndProject
Project("{FAE04EC0-301F-11D3-BF4B-00C04F79EFBC}") = "BusinessLogicLayer", "BusinessLogicLayer\BusinessLogicLayer.csproj", "{C20AEE35-3DFC-40FF-A761-BFB68DE9CF9E}"
EndProject
Global
	GlobalSection(SolutionConfigurationPlatforms) = preSolution
		Debug|Any CPU = Debug|Any CPU
		Release|Any CPU = Release|Any CPU
	EndGlobalSection
	GlobalSection(ProjectConfigurationPlatforms) = postSolution
		{CAC48FE6-D0D2-42CC-92FA-CDBCF23F66CC}.Debug|Any CPU.ActiveCfg = Debug|Any CPU
		{CAC48FE6-D0D2-42CC-92FA-CDBCF23F66CC}.Debug|Any CPU.Build.0 = Debug|Any CPU
		{CAC48FE6-D0D2-42CC-92FA-CDBCF23F66CC}.Release|Any CPU.ActiveCfg = Release|Any CPU
		{CAC48FE6-D0D2-42CC-92FA-CDBCF23F66CC}.Release|Any CPU.Build.0 = Release|Any CPU
		{B47E9012-1F4A-47E2-A98F-FF4B4A5C7859}.Debug|Any CPU.ActiveCfg = Debug|Any CPU
		{B47E9012-1F4A-47E2-A98F-FF4B4A5C7859}.Debug|Any CPU.Build.0 = Debug|Any CPU
		{B47E9012-1F4A-47E2-A98F-FF4B4A5C7859}.Release|Any CPU.ActiveCfg = Release|Any CPU
		{B47E9012-1F4A-47E2-A98F-FF4B4A5C7859}.Release|Any CPU.Build.0 = Release|Any CPU
		{C20AEE35-3DFC-40FF-A761-BFB68DE9CF9E}.Debug|Any CPU.ActiveCfg = Debug|Any CPU
		{C20AEE35-3DFC-40FF-A761-BFB68DE9CF9E}.Debug|Any CPU.Build.0 = Debug|Any CPU
		{C20AEE35-3DFC-40FF-A761-BFB68DE9CF9E}.Release|Any CPU.ActiveCfg = Release|Any CPU
		{C20AEE35-3DFC-40FF-A761-BFB68DE9CF9E}.Release|Any CPU.Build.0 = Release|Any CPU
	EndGlobalSection
	GlobalSection(SolutionProperties) = preSolution
		HideSolutionNode = FALSE
	EndGlobalSection
	GlobalSection(ExtensibilityGlobals) = postSolution
		SolutionGuid = {F28916F3-226C-4E19-A52E-030E8DF2D8B0}
	EndGlobalSection
EndGlobal
